
Microsoft Visual Studio Solution File, Format Version 12.00
# Visual Studio 15
VisualStudioVersion = 15.0.27703.2035
MinimumVisualStudioVersion = 10.0.40219.1
Project("{FAE04EC0-301F-11D3-BF4B-00C04F79EFBC}") = "Domain", "Domain\Domain.csproj", "{1C1EC8B6-A0C8-427B-9ECE-97F41015D8C0}"
EndProject
Project("{FAE04EC0-301F-11D3-BF4B-00C04F79EFBC}") = "WebUI", "WebUI\WebUI.csproj", "{A28C0579-D27B-46D3-B097-51E7BF2DF31D}"
EndProject
Project("{FAE04EC0-301F-11D3-BF4B-00C04F79EFBC}") = "UnitTests", "UnitTests\UnitTests.csproj", "{6CB1CE02-F0CF-43E4-B8BB-FAAA71FA0F90}"
EndProject
Global
	GlobalSection(SolutionConfigurationPlatforms) = preSolution
		Debug|Any CPU = Debug|Any CPU
		Release|Any CPU = Release|Any CPU
	EndGlobalSection
	GlobalSection(ProjectConfigurationPlatforms) = postSolution
		{1C1EC8B6-A0C8-427B-9ECE-97F41015D8C0}.Debug|Any CPU.ActiveCfg = Debug|Any CPU
		{1C1EC8B6-A0C8-427B-9ECE-97F41015D8C0}.Debug|Any CPU.Build.0 = Debug|Any CPU
		{1C1EC8B6-A0C8-427B-9ECE-97F41015D8C0}.Release|Any CPU.ActiveCfg = Release|Any CPU
		{1C1EC8B6-A0C8-427B-9ECE-97F41015D8C0}.Release|Any CPU.Build.0 = Release|Any CPU
		{A28C0579-D27B-46D3-B097-51E7BF2DF31D}.Debug|Any CPU.ActiveCfg = Debug|Any CPU
		{A28C0579-D27B-46D3-B097-51E7BF2DF31D}.Debug|Any CPU.Build.0 = Debug|Any CPU
		{A28C0579-D27B-46D3-B097-51E7BF2DF31D}.Release|Any CPU.ActiveCfg = Release|Any CPU
		{A28C0579-D27B-46D3-B097-51E7BF2DF31D}.Release|Any CPU.Build.0 = Release|Any CPU
		{6CB1CE02-F0CF-43E4-B8BB-FAAA71FA0F90}.Debug|Any CPU.ActiveCfg = Debug|Any CPU
		{6CB1CE02-F0CF-43E4-B8BB-FAAA71FA0F90}.Debug|Any CPU.Build.0 = Debug|Any CPU
		{6CB1CE02-F0CF-43E4-B8BB-FAAA71FA0F90}.Release|Any CPU.ActiveCfg = Release|Any CPU
		{6CB1CE02-F0CF-43E4-B8BB-FAAA71FA0F90}.Release|Any CPU.Build.0 = Release|Any CPU
	EndGlobalSection
	GlobalSection(SolutionProperties) = preSolution
		HideSolutionNode = FALSE
	EndGlobalSection
	GlobalSection(ExtensibilityGlobals) = postSolution
		SolutionGuid = {6B41F59B-16A2-4CB1-9620-01361FF15478}
	EndGlobalSection
EndGlobal
